
Microsoft Visual Studio Solution File, Format Version 12.00
# Visual Studio Version 17
VisualStudioVersion = 17.9.34723.18
MinimumVisualStudioVersion = 10.0.40219.1
Project("{FAE04EC0-301F-11D3-BF4B-00C04F79EFBC}") = "Sistema Alumnado", "Sistema Alumnado.csproj", "{8B9EEB9B-27E8-4754-A303-06CB91933A5A}"
EndProject
Global
	GlobalSection(SolutionConfigurationPlatforms) = preSolution
		Debug|Any CPU = Debug|Any CPU
		Release|Any CPU = Release|Any CPU
	EndGlobalSection
	GlobalSection(ProjectConfigurationPlatforms) = postSolution
		{8B9EEB9B-27E8-4754-A303-06CB91933A5A}.Debug|Any CPU.ActiveCfg = Debug|Any CPU
		{8B9EEB9B-27E8-4754-A303-06CB91933A5A}.Debug|Any CPU.Build.0 = Debug|Any CPU
		{8B9EEB9B-27E8-4754-A303-06CB91933A5A}.Release|Any CPU.ActiveCfg = Release|Any CPU
		{8B9EEB9B-27E8-4754-A303-06CB91933A5A}.Release|Any CPU.Build.0 = Release|Any CPU
	EndGlobalSection
	GlobalSection(SolutionProperties) = preSolution
		HideSolutionNode = FALSE
	EndGlobalSection
	GlobalSection(ExtensibilityGlobals) = postSolution
		SolutionGuid = {480C0829-59E2-459B-B3F2-6BA3FB7ACBF7}
	EndGlobalSection
EndGlobal
